
Microsoft Visual Studio Solution File, Format Version 12.00
# Visual Studio Version 16
VisualStudioVersion = 16.0.30804.86
MinimumVisualStudioVersion = 10.0.40219.1
Project("{9A19103F-16F7-4668-BE54-9A1E7A4F7556}") = "ConsoleApp1", "ConsoleApp1\ConsoleApp1.csproj", "{8C8072DF-9D6B-44BC-A037-FFCF59F0022C}"
EndProject
Project("{FAE04EC0-301F-11D3-BF4B-00C04F79EFBC}") = "method2", "method2\method2.csproj", "{905E5C14-F121-4203-B832-0F9CB90B4998}"
EndProject
Global
	GlobalSection(SolutionConfigurationPlatforms) = preSolution
		Debug|Any CPU = Debug|Any CPU
		Release|Any CPU = Release|Any CPU
	EndGlobalSection
	GlobalSection(ProjectConfigurationPlatforms) = postSolution
		{8C8072DF-9D6B-44BC-A037-FFCF59F0022C}.Debug|Any CPU.ActiveCfg = Debug|Any CPU
		{8C8072DF-9D6B-44BC-A037-FFCF59F0022C}.Debug|Any CPU.Build.0 = Debug|Any CPU
		{8C8072DF-9D6B-44BC-A037-FFCF59F0022C}.Release|Any CPU.ActiveCfg = Release|Any CPU
		{8C8072DF-9D6B-44BC-A037-FFCF59F0022C}.Release|Any CPU.Build.0 = Release|Any CPU
		{905E5C14-F121-4203-B832-0F9CB90B4998}.Debug|Any CPU.ActiveCfg = Debug|Any CPU
		{905E5C14-F121-4203-B832-0F9CB90B4998}.Debug|Any CPU.Build.0 = Debug|Any CPU
		{905E5C14-F121-4203-B832-0F9CB90B4998}.Release|Any CPU.ActiveCfg = Release|Any CPU
		{905E5C14-F121-4203-B832-0F9CB90B4998}.Release|Any CPU.Build.0 = Release|Any CPU
	EndGlobalSection
	GlobalSection(SolutionProperties) = preSolution
		HideSolutionNode = FALSE
	EndGlobalSection
	GlobalSection(ExtensibilityGlobals) = postSolution
		SolutionGuid = {C08151B7-4DBE-4387-B4E1-5F40810C59AF}
	EndGlobalSection
EndGlobal
