
Microsoft Visual Studio Solution File, Format Version 12.00
# Visual Studio Version 16
VisualStudioVersion = 16.0.30804.86
MinimumVisualStudioVersion = 10.0.40219.1
Project("{FAE04EC0-301F-11D3-BF4B-00C04F79EFBC}") = "Question01", "do_while_loop\Question01.csproj", "{78FB6B65-2CD3-4356-AA96-931D79F72F5D}"
EndProject
Project("{FAE04EC0-301F-11D3-BF4B-00C04F79EFBC}") = "Question02", "Question02\Question02.csproj", "{3F9CA62D-232D-4F17-B936-0CAF5C11AE72}"
EndProject
Project("{FAE04EC0-301F-11D3-BF4B-00C04F79EFBC}") = "Question03", "Question03\Question03.csproj", "{FFE98B81-BD36-4AC9-A519-E82D1D22E30C}"
EndProject
Project("{FAE04EC0-301F-11D3-BF4B-00C04F79EFBC}") = "Question04", "Question04\Question04.csproj", "{124C687B-C621-4529-9D28-BA071A75E8D4}"
EndProject
Project("{FAE04EC0-301F-11D3-BF4B-00C04F79EFBC}") = "Question05", "Question05\Question05.csproj", "{C02A66F1-61D6-4AF1-BE36-B80C38DC48F3}"
EndProject
Project("{FAE04EC0-301F-11D3-BF4B-00C04F79EFBC}") = "Question06", "Question06\Question06.csproj", "{91C79D58-FD93-4CDD-9909-F82392EA2893}"
EndProject
Project("{FAE04EC0-301F-11D3-BF4B-00C04F79EFBC}") = "Question07", "Question07\Question07.csproj", "{6844F5AE-36DC-42E6-8577-80C06166F2EE}"
EndProject
Project("{FAE04EC0-301F-11D3-BF4B-00C04F79EFBC}") = "Question08", "Question08\Question08.csproj", "{73D0480C-5C1E-4F2E-91E5-F3F84C9969AA}"
EndProject
Project("{FAE04EC0-301F-11D3-BF4B-00C04F79EFBC}") = "Question09", "Question09\Question09.csproj", "{0A084295-A197-44FB-9E4E-807A3CECA317}"
EndProject
Project("{FAE04EC0-301F-11D3-BF4B-00C04F79EFBC}") = "Question10", "Question10\Question10.csproj", "{E6E41565-119E-4687-B65F-BEDBCDD62871}"
EndProject
Global
	GlobalSection(SolutionConfigurationPlatforms) = preSolution
		Debug|Any CPU = Debug|Any CPU
		Release|Any CPU = Release|Any CPU
	EndGlobalSection
	GlobalSection(ProjectConfigurationPlatforms) = postSolution
		{78FB6B65-2CD3-4356-AA96-931D79F72F5D}.Debug|Any CPU.ActiveCfg = Debug|Any CPU
		{78FB6B65-2CD3-4356-AA96-931D79F72F5D}.Debug|Any CPU.Build.0 = Debug|Any CPU
		{78FB6B65-2CD3-4356-AA96-931D79F72F5D}.Release|Any CPU.ActiveCfg = Release|Any CPU
		{78FB6B65-2CD3-4356-AA96-931D79F72F5D}.Release|Any CPU.Build.0 = Release|Any CPU
		{3F9CA62D-232D-4F17-B936-0CAF5C11AE72}.Debug|Any CPU.ActiveCfg = Debug|Any CPU
		{3F9CA62D-232D-4F17-B936-0CAF5C11AE72}.Debug|Any CPU.Build.0 = Debug|Any CPU
		{3F9CA62D-232D-4F17-B936-0CAF5C11AE72}.Release|Any CPU.ActiveCfg = Release|Any CPU
		{3F9CA62D-232D-4F17-B936-0CAF5C11AE72}.Release|Any CPU.Build.0 = Release|Any CPU
		{FFE98B81-BD36-4AC9-A519-E82D1D22E30C}.Debug|Any CPU.ActiveCfg = Debug|Any CPU
		{FFE98B81-BD36-4AC9-A519-E82D1D22E30C}.Debug|Any CPU.Build.0 = Debug|Any CPU
		{FFE98B81-BD36-4AC9-A519-E82D1D22E30C}.Release|Any CPU.ActiveCfg = Release|Any CPU
		{FFE98B81-BD36-4AC9-A519-E82D1D22E30C}.Release|Any CPU.Build.0 = Release|Any CPU
		{124C687B-C621-4529-9D28-BA071A75E8D4}.Debug|Any CPU.ActiveCfg = Debug|Any CPU
		{124C687B-C621-4529-9D28-BA071A75E8D4}.Debug|Any CPU.Build.0 = Debug|Any CPU
		{124C687B-C621-4529-9D28-BA071A75E8D4}.Release|Any CPU.ActiveCfg = Release|Any CPU
		{124C687B-C621-4529-9D28-BA071A75E8D4}.Release|Any CPU.Build.0 = Release|Any CPU
		{C02A66F1-61D6-4AF1-BE36-B80C38DC48F3}.Debug|Any CPU.ActiveCfg = Debug|Any CPU
		{C02A66F1-61D6-4AF1-BE36-B80C38DC48F3}.Debug|Any CPU.Build.0 = Debug|Any CPU
		{C02A66F1-61D6-4AF1-BE36-B80C38DC48F3}.Release|Any CPU.ActiveCfg = Release|Any CPU
		{C02A66F1-61D6-4AF1-BE36-B80C38DC48F3}.Release|Any CPU.Build.0 = Release|Any CPU
		{91C79D58-FD93-4CDD-9909-F82392EA2893}.Debug|Any CPU.ActiveCfg = Debug|Any CPU
		{91C79D58-FD93-4CDD-9909-F82392EA2893}.Debug|Any CPU.Build.0 = Debug|Any CPU
		{91C79D58-FD93-4CDD-9909-F82392EA2893}.Release|Any CPU.ActiveCfg = Release|Any CPU
		{91C79D58-FD93-4CDD-9909-F82392EA2893}.Release|Any CPU.Build.0 = Release|Any CPU
		{6844F5AE-36DC-42E6-8577-80C06166F2EE}.Debug|Any CPU.ActiveCfg = Debug|Any CPU
		{6844F5AE-36DC-42E6-8577-80C06166F2EE}.Debug|Any CPU.Build.0 = Debug|Any CPU
		{6844F5AE-36DC-42E6-8577-80C06166F2EE}.Release|Any CPU.ActiveCfg = Release|Any CPU
		{6844F5AE-36DC-42E6-8577-80C06166F2EE}.Release|Any CPU.Build.0 = Release|Any CPU
		{73D0480C-5C1E-4F2E-91E5-F3F84C9969AA}.Debug|Any CPU.ActiveCfg = Debug|Any CPU
		{73D0480C-5C1E-4F2E-91E5-F3F84C9969AA}.Debug|Any CPU.Build.0 = Debug|Any CPU
		{73D0480C-5C1E-4F2E-91E5-F3F84C9969AA}.Release|Any CPU.ActiveCfg = Release|Any CPU
		{73D0480C-5C1E-4F2E-91E5-F3F84C9969AA}.Release|Any CPU.Build.0 = Release|Any CPU
		{0A084295-A197-44FB-9E4E-807A3CECA317}.Debug|Any CPU.ActiveCfg = Debug|Any CPU
		{0A084295-A197-44FB-9E4E-807A3CECA317}.Debug|Any CPU.Build.0 = Debug|Any CPU
		{0A084295-A197-44FB-9E4E-807A3CECA317}.Release|Any CPU.ActiveCfg = Release|Any CPU
		{0A084295-A197-44FB-9E4E-807A3CECA317}.Release|Any CPU.Build.0 = Release|Any CPU
		{E6E41565-119E-4687-B65F-BEDBCDD62871}.Debug|Any CPU.ActiveCfg = Debug|Any CPU
		{E6E41565-119E-4687-B65F-BEDBCDD62871}.Debug|Any CPU.Build.0 = Debug|Any CPU
		{E6E41565-119E-4687-B65F-BEDBCDD62871}.Release|Any CPU.ActiveCfg = Release|Any CPU
		{E6E41565-119E-4687-B65F-BEDBCDD62871}.Release|Any CPU.Build.0 = Release|Any CPU
	EndGlobalSection
	GlobalSection(SolutionProperties) = preSolution
		HideSolutionNode = FALSE
	EndGlobalSection
	GlobalSection(ExtensibilityGlobals) = postSolution
		SolutionGuid = {6292EEC5-46F1-4E4E-A8A5-777C327888B5}
	EndGlobalSection
EndGlobal
