
Microsoft Visual Studio Solution File, Format Version 12.00
# Visual Studio Version 16
VisualStudioVersion = 16.0.30804.86
MinimumVisualStudioVersion = 10.0.40219.1
Project("{9A19103F-16F7-4668-BE54-9A1E7A4F7556}") = "Question01", "Question01\Question01.csproj", "{99B8E147-564C-4D9D-9ADA-1E95C6E234B0}"
EndProject
Project("{FAE04EC0-301F-11D3-BF4B-00C04F79EFBC}") = "Question02", "Question02\Question02.csproj", "{A93F053C-DEDC-4A5A-A972-D131E2C896BE}"
EndProject
Project("{FAE04EC0-301F-11D3-BF4B-00C04F79EFBC}") = "Question03", "Question03\Question03.csproj", "{78B3EA9F-CE3D-41F9-A5DD-293B448C161B}"
EndProject
Project("{FAE04EC0-301F-11D3-BF4B-00C04F79EFBC}") = "Question04", "Question04\Question04.csproj", "{86A304FC-E2C0-4775-8029-25FEF531823F}"
EndProject
Global
	GlobalSection(SolutionConfigurationPlatforms) = preSolution
		Debug|Any CPU = Debug|Any CPU
		Release|Any CPU = Release|Any CPU
	EndGlobalSection
	GlobalSection(ProjectConfigurationPlatforms) = postSolution
		{99B8E147-564C-4D9D-9ADA-1E95C6E234B0}.Debug|Any CPU.ActiveCfg = Debug|Any CPU
		{99B8E147-564C-4D9D-9ADA-1E95C6E234B0}.Debug|Any CPU.Build.0 = Debug|Any CPU
		{99B8E147-564C-4D9D-9ADA-1E95C6E234B0}.Release|Any CPU.ActiveCfg = Release|Any CPU
		{99B8E147-564C-4D9D-9ADA-1E95C6E234B0}.Release|Any CPU.Build.0 = Release|Any CPU
		{A93F053C-DEDC-4A5A-A972-D131E2C896BE}.Debug|Any CPU.ActiveCfg = Debug|Any CPU
		{A93F053C-DEDC-4A5A-A972-D131E2C896BE}.Debug|Any CPU.Build.0 = Debug|Any CPU
		{A93F053C-DEDC-4A5A-A972-D131E2C896BE}.Release|Any CPU.ActiveCfg = Release|Any CPU
		{A93F053C-DEDC-4A5A-A972-D131E2C896BE}.Release|Any CPU.Build.0 = Release|Any CPU
		{78B3EA9F-CE3D-41F9-A5DD-293B448C161B}.Debug|Any CPU.ActiveCfg = Debug|Any CPU
		{78B3EA9F-CE3D-41F9-A5DD-293B448C161B}.Debug|Any CPU.Build.0 = Debug|Any CPU
		{78B3EA9F-CE3D-41F9-A5DD-293B448C161B}.Release|Any CPU.ActiveCfg = Release|Any CPU
		{78B3EA9F-CE3D-41F9-A5DD-293B448C161B}.Release|Any CPU.Build.0 = Release|Any CPU
		{86A304FC-E2C0-4775-8029-25FEF531823F}.Debug|Any CPU.ActiveCfg = Debug|Any CPU
		{86A304FC-E2C0-4775-8029-25FEF531823F}.Debug|Any CPU.Build.0 = Debug|Any CPU
		{86A304FC-E2C0-4775-8029-25FEF531823F}.Release|Any CPU.ActiveCfg = Release|Any CPU
		{86A304FC-E2C0-4775-8029-25FEF531823F}.Release|Any CPU.Build.0 = Release|Any CPU
	EndGlobalSection
	GlobalSection(SolutionProperties) = preSolution
		HideSolutionNode = FALSE
	EndGlobalSection
	GlobalSection(ExtensibilityGlobals) = postSolution
		SolutionGuid = {3BC3565D-4633-469E-987F-CBD5C53DA2AC}
	EndGlobalSection
EndGlobal
